
Microsoft Visual Studio Solution File, Format Version 12.00
# Visual Studio Version 16
VisualStudioVersion = 16.0.32106.194
MinimumVisualStudioVersion = 10.0.40219.1
Project("{FAE04EC0-301F-11D3-BF4B-00C04F79EFBC}") = "CourseWork", "CourseWork\CourseWork.csproj", "{750153C7-1AAB-4673-A681-F82FD6AB58ED}"
EndProject
Global
	GlobalSection(SolutionConfigurationPlatforms) = preSolution
		Debug|Any CPU = Debug|Any CPU
		Release|Any CPU = Release|Any CPU
	EndGlobalSection
	GlobalSection(ProjectConfigurationPlatforms) = postSolution
		{750153C7-1AAB-4673-A681-F82FD6AB58ED}.Debug|Any CPU.ActiveCfg = Debug|Any CPU
		{750153C7-1AAB-4673-A681-F82FD6AB58ED}.Debug|Any CPU.Build.0 = Debug|Any CPU
		{750153C7-1AAB-4673-A681-F82FD6AB58ED}.Release|Any CPU.ActiveCfg = Release|Any CPU
		{750153C7-1AAB-4673-A681-F82FD6AB58ED}.Release|Any CPU.Build.0 = Release|Any CPU
	EndGlobalSection
	GlobalSection(SolutionProperties) = preSolution
		HideSolutionNode = FALSE
	EndGlobalSection
	GlobalSection(ExtensibilityGlobals) = postSolution
		SolutionGuid = {78D1E5ED-6915-4F16-8CA0-F2C2970D5CF2}
	EndGlobalSection
EndGlobal
