
Microsoft Visual Studio Solution File, Format Version 12.00
# Visual Studio Version 16
VisualStudioVersion = 16.0.32106.194
MinimumVisualStudioVersion = 10.0.40219.1
Project("{FAE04EC0-301F-11D3-BF4B-00C04F79EFBC}") = "Pract_2", "Pract_2\Pract_2.csproj", "{882F6848-AD8C-421C-BEC4-331C9969E989}"
EndProject
Global
	GlobalSection(SolutionConfigurationPlatforms) = preSolution
		Debug|Any CPU = Debug|Any CPU
		Release|Any CPU = Release|Any CPU
	EndGlobalSection
	GlobalSection(ProjectConfigurationPlatforms) = postSolution
		{882F6848-AD8C-421C-BEC4-331C9969E989}.Debug|Any CPU.ActiveCfg = Debug|Any CPU
		{882F6848-AD8C-421C-BEC4-331C9969E989}.Debug|Any CPU.Build.0 = Debug|Any CPU
		{882F6848-AD8C-421C-BEC4-331C9969E989}.Release|Any CPU.ActiveCfg = Release|Any CPU
		{882F6848-AD8C-421C-BEC4-331C9969E989}.Release|Any CPU.Build.0 = Release|Any CPU
	EndGlobalSection
	GlobalSection(SolutionProperties) = preSolution
		HideSolutionNode = FALSE
	EndGlobalSection
	GlobalSection(ExtensibilityGlobals) = postSolution
		SolutionGuid = {DF47B9C5-A788-4039-874D-172128701DF6}
	EndGlobalSection
EndGlobal
