
Microsoft Visual Studio Solution File, Format Version 12.00
# Visual Studio Version 16
VisualStudioVersion = 16.0.32106.194
MinimumVisualStudioVersion = 10.0.40219.1
Project("{FAE04EC0-301F-11D3-BF4B-00C04F79EFBC}") = "Prakt_01", "Prakt_01\Prakt_01.csproj", "{9669344D-A97E-41E7-9604-1EC64C548069}"
EndProject
Global
	GlobalSection(SolutionConfigurationPlatforms) = preSolution
		Debug|Any CPU = Debug|Any CPU
		Release|Any CPU = Release|Any CPU
	EndGlobalSection
	GlobalSection(ProjectConfigurationPlatforms) = postSolution
		{9669344D-A97E-41E7-9604-1EC64C548069}.Debug|Any CPU.ActiveCfg = Debug|Any CPU
		{9669344D-A97E-41E7-9604-1EC64C548069}.Debug|Any CPU.Build.0 = Debug|Any CPU
		{9669344D-A97E-41E7-9604-1EC64C548069}.Release|Any CPU.ActiveCfg = Release|Any CPU
		{9669344D-A97E-41E7-9604-1EC64C548069}.Release|Any CPU.Build.0 = Release|Any CPU
	EndGlobalSection
	GlobalSection(SolutionProperties) = preSolution
		HideSolutionNode = FALSE
	EndGlobalSection
	GlobalSection(ExtensibilityGlobals) = postSolution
		SolutionGuid = {20B1DFB8-8742-4C75-A01E-6F87883B152D}
	EndGlobalSection
EndGlobal
